# THIS IS AN AUTOGENERATED FILE. DO NOT EDIT THIS FILE DIRECTLY.
# yarn lockfile v1


"@codemirror/autocomplete@^6.0.0", "@codemirror/autocomplete@^6.0.2":
  version "6.18.1"
  resolved "https://registry.yarnpkg.com/@codemirror/autocomplete/-/autocomplete-6.18.1.tgz#3bd8d62c9c9a14d0706ab0a8adac139eaf1a41f1"
  integrity sha512-iWHdj/B1ethnHRTwZj+C1obmmuCzquH29EbcKr0qIjA9NfDeBDJ7vs+WOHsFeLeflE4o+dHfYndJloMKHUkWUA==
  dependencies:
    "@codemirror/language" "^6.0.0"
    "@codemirror/state" "^6.0.0"
    "@codemirror/view" "^6.17.0"
    "@lezer/common" "^1.0.0"

"@codemirror/commands@^6.0.0":
  version "6.6.2"
  resolved "https://registry.yarnpkg.com/@codemirror/commands/-/commands-6.6.2.tgz#a8ddb191e00dcc0efa03ea1ff8dc486f902dab91"
  integrity sha512-Fq7eWOl1Rcbrfn6jD8FPCj9Auaxdm5nIK5RYOeW7ughnd/rY5AmPg6b+CfsG39ZHdwiwe8lde3q8uR7CF5S0yQ==
  dependencies:
    "@codemirror/language" "^6.0.0"
    "@codemirror/state" "^6.4.0"
    "@codemirror/view" "^6.27.0"
    "@lezer/common" "^1.1.0"

"@codemirror/lang-css@^6.0.0":
  version "6.3.0"
  resolved "https://registry.yarnpkg.com/@codemirror/lang-css/-/lang-css-6.3.0.tgz#607628559f2471b385c6070ec795072a55cffc0b"
  integrity sha512-CyR4rUNG9OYcXDZwMPvJdtb6PHbBDKUc/6Na2BIwZ6dKab1JQqKa4di+RNRY9Myn7JB81vayKwJeQ7jEdmNVDA==
  dependencies:
    "@codemirror/autocomplete" "^6.0.0"
    "@codemirror/language" "^6.0.0"
    "@codemirror/state" "^6.0.0"
    "@lezer/common" "^1.0.2"
    "@lezer/css" "^1.1.7"

"@codemirror/lang-html@^6.0.0":
  version "6.4.9"
  resolved "https://registry.yarnpkg.com/@codemirror/lang-html/-/lang-html-6.4.9.tgz#d586f2cc9c341391ae07d1d7c545990dfa069727"
  integrity sha512-aQv37pIMSlueybId/2PVSP6NPnmurFDVmZwzc7jszd2KAF8qd4VBbvNYPXWQq90WIARjsdVkPbw29pszmHws3Q==
  dependencies:
    "@codemirror/autocomplete" "^6.0.0"
    "@codemirror/lang-css" "^6.0.0"
    "@codemirror/lang-javascript" "^6.0.0"
    "@codemirror/language" "^6.4.0"
    "@codemirror/state" "^6.0.0"
    "@codemirror/view" "^6.17.0"
    "@lezer/common" "^1.0.0"
    "@lezer/css" "^1.1.0"
    "@lezer/html" "^1.3.0"

"@codemirror/lang-javascript@^6.0.0":
  version "6.2.2"
  resolved "https://registry.yarnpkg.com/@codemirror/lang-javascript/-/lang-javascript-6.2.2.tgz#7141090b22994bef85bcc5608a3bc1257f2db2ad"
  integrity sha512-VGQfY+FCc285AhWuwjYxQyUQcYurWlxdKYT4bqwr3Twnd5wP5WSeu52t4tvvuWmljT4EmgEgZCqSieokhtY8hg==
  dependencies:
    "@codemirror/autocomplete" "^6.0.0"
    "@codemirror/language" "^6.6.0"
    "@codemirror/lint" "^6.0.0"
    "@codemirror/state" "^6.0.0"
    "@codemirror/view" "^6.17.0"
    "@lezer/common" "^1.0.0"
    "@lezer/javascript" "^1.0.0"

"@codemirror/lang-markdown@6.0.0":
  version "6.0.0"
  resolved "https://registry.yarnpkg.com/@codemirror/lang-markdown/-/lang-markdown-6.0.0.tgz#cfbbb4ae2c56c4d176ceab4c553b5132003737e0"
  integrity sha512-ozJaO1W4WgGlwWOoYCSYzbVhhM0YM/4lAWLrNsBbmhh5Ztpl0qm4CgEQRl3t8/YcylTZYBIXiskui8sHNGd4dg==
  dependencies:
    "@codemirror/lang-html" "^6.0.0"
    "@codemirror/language" "^6.0.0"
    "@codemirror/state" "^6.0.0"
    "@codemirror/view" "^6.0.0"
    "@lezer/common" "^1.0.0"
    "@lezer/markdown" "^1.0.0"

"@codemirror/language@^6.0.0", "@codemirror/language@^6.1.0", "@codemirror/language@^6.4.0", "@codemirror/language@^6.6.0":
  version "6.10.3"
  resolved "https://registry.yarnpkg.com/@codemirror/language/-/language-6.10.3.tgz#eb25fc5ade19032e7bf1dcaa957804e5f1660585"
  integrity sha512-kDqEU5sCP55Oabl6E7m5N+vZRoc0iWqgDVhEKifcHzPzjqCegcO4amfrYVL9PmPZpl4G0yjkpTpUO/Ui8CzO8A==
  dependencies:
    "@codemirror/state" "^6.0.0"
    "@codemirror/view" "^6.23.0"
    "@lezer/common" "^1.1.0"
    "@lezer/highlight" "^1.0.0"
    "@lezer/lr" "^1.0.0"
    style-mod "^4.0.0"

"@codemirror/lint@^6.0.0":
  version "6.8.2"
  resolved "https://registry.yarnpkg.com/@codemirror/lint/-/lint-6.8.2.tgz#7864b03583e9efd18554cff1dd4504da10338ab1"
  integrity sha512-PDFG5DjHxSEjOXk9TQYYVjZDqlZTFaDBfhQixHnQOEVDDNHUbEh/hstAjcQJaA6FQdZTD1hquXTK0rVBLADR1g==
  dependencies:
    "@codemirror/state" "^6.0.0"
    "@codemirror/view" "^6.0.0"
    crelt "^1.0.5"

"@codemirror/search@^6.0.0":
  version "6.5.6"
  resolved "https://registry.yarnpkg.com/@codemirror/search/-/search-6.5.6.tgz#8f858b9e678d675869112e475f082d1e8488db93"
  integrity sha512-rpMgcsh7o0GuCDUXKPvww+muLA1pDJaFrpq/CCHtpQJYz8xopu4D1hPcKRoDD0YlF8gZaqTNIRa4VRBWyhyy7Q==
  dependencies:
    "@codemirror/state" "^6.0.0"
    "@codemirror/view" "^6.0.0"
    crelt "^1.0.5"

"@codemirror/state@^6.0.0", "@codemirror/state@^6.0.1", "@codemirror/state@^6.4.0":
  version "6.4.1"
  resolved "https://registry.yarnpkg.com/@codemirror/state/-/state-6.4.1.tgz#da57143695c056d9a3c38705ed34136e2b68171b"
  integrity sha512-QkEyUiLhsJoZkbumGZlswmAhA7CBU02Wrz7zvH4SrcifbsqwlXShVXg65f3v/ts57W3dqyamEriMhij1Z3Zz4A==

"@codemirror/view@^6.0.0", "@codemirror/view@^6.0.2", "@codemirror/view@^6.17.0", "@codemirror/view@^6.23.0", "@codemirror/view@^6.27.0":
  version "6.34.1"
  resolved "https://registry.yarnpkg.com/@codemirror/view/-/view-6.34.1.tgz#b17ed29c563e4adc60086233f2d3e7197e2dc33e"
  integrity sha512-t1zK/l9UiRqwUNPm+pdIT0qzJlzuVckbTEMVNFhfWkGiBQClstzg+78vedCvLSX0xJEZ6lwZbPpnljL7L6iwMQ==
  dependencies:
    "@codemirror/state" "^6.4.0"
    style-mod "^4.1.0"
    w3c-keyname "^2.2.4"

"@emotion/is-prop-valid@^0.8.2":
  version "0.8.8"
  resolved "https://registry.yarnpkg.com/@emotion/is-prop-valid/-/is-prop-valid-0.8.8.tgz#db28b1c4368a259b60a97311d6a952d4fd01ac1a"
  integrity sha512-u5WtneEAr5IDG2Wv65yhunPSMLIpuKsbuOktRojfrEiEvRyC85LgPMZI63cr7NUqT8ZIGdSVg8ZKGxIug4lXcA==
  dependencies:
    "@emotion/memoize" "0.7.4"

"@emotion/memoize@0.7.4":
  version "0.7.4"
  resolved "https://registry.yarnpkg.com/@emotion/memoize/-/memoize-0.7.4.tgz#19bf0f5af19149111c40d98bb0cf82119f5d9eeb"
  integrity sha512-Ja/Vfqe3HpuzRsG1oBtWTHk2PGZ7GR+2Vz5iYGelAw8dx32K0y7PjVuxK6z1nMpZOqAFsRUPCkK1YjJ56qJlgw==

"@lezer/common@^1.0.0", "@lezer/common@^1.0.2", "@lezer/common@^1.1.0", "@lezer/common@^1.2.0":
  version "1.2.1"
  resolved "https://registry.yarnpkg.com/@lezer/common/-/common-1.2.1.tgz#198b278b7869668e1bebbe687586e12a42731049"
  integrity sha512-yemX0ZD2xS/73llMZIK6KplkjIjf2EvAHcinDi/TfJ9hS25G0388+ClHt6/3but0oOxinTcQHJLDXh6w1crzFQ==

"@lezer/css@^1.1.0", "@lezer/css@^1.1.7":
  version "1.1.9"
  resolved "https://registry.yarnpkg.com/@lezer/css/-/css-1.1.9.tgz#404563d361422c5a1fe917295f1527ee94845ed1"
  integrity sha512-TYwgljcDv+YrV0MZFFvYFQHCfGgbPMR6nuqLabBdmZoFH3EP1gvw8t0vae326Ne3PszQkbXfVBjCnf3ZVCr0bA==
  dependencies:
    "@lezer/common" "^1.2.0"
    "@lezer/highlight" "^1.0.0"
    "@lezer/lr" "^1.0.0"

"@lezer/generator@^1.0.0":
  version "1.7.1"
  resolved "https://registry.yarnpkg.com/@lezer/generator/-/generator-1.7.1.tgz#90c1a9de2fb4d5a714216fa659058c7859accaab"
  integrity sha512-MgPJN9Si+ccxzXl3OAmCeZuUKw4XiPl4y664FX/hnnyG9CTqUPq65N3/VGPA2jD23D7QgMTtNqflta+cPN+5mQ==
  dependencies:
    "@lezer/common" "^1.1.0"
    "@lezer/lr" "^1.3.0"

"@lezer/highlight@^1.0.0", "@lezer/highlight@^1.1.3":
  version "1.2.1"
  resolved "https://registry.yarnpkg.com/@lezer/highlight/-/highlight-1.2.1.tgz#596fa8f9aeb58a608be0a563e960c373cbf23f8b"
  integrity sha512-Z5duk4RN/3zuVO7Jq0pGLJ3qynpxUVsh7IbUbGj88+uV2ApSAn6kWg2au3iJb+0Zi7kKtqffIESgNcRXWZWmSA==
  dependencies:
    "@lezer/common" "^1.0.0"

"@lezer/html@^1.3.0":
  version "1.3.10"
  resolved "https://registry.yarnpkg.com/@lezer/html/-/html-1.3.10.tgz#1be9a029a6fe835c823b20a98a449a630416b2af"
  integrity sha512-dqpT8nISx/p9Do3AchvYGV3qYc4/rKr3IBZxlHmpIKam56P47RSHkSF5f13Vu9hebS1jM0HmtJIwLbWz1VIY6w==
  dependencies:
    "@lezer/common" "^1.2.0"
    "@lezer/highlight" "^1.0.0"
    "@lezer/lr" "^1.0.0"

"@lezer/javascript@^1.0.0":
  version "1.4.18"
  resolved "https://registry.yarnpkg.com/@lezer/javascript/-/javascript-1.4.18.tgz#8768336d877d2cdadc35642deb55a6ad33c09b06"
  integrity sha512-Y8BeHOt4LtcxJgXwadtfSeWPrh0XzklcCHnCVT+vOsxqH4gWmunP2ykX+VVOlM/dusyVyiNfG3lv0f10UK+mgA==
  dependencies:
    "@lezer/common" "^1.2.0"
    "@lezer/highlight" "^1.1.3"
    "@lezer/lr" "^1.3.0"

"@lezer/lr@^1.0.0", "@lezer/lr@^1.3.0":
  version "1.4.2"
  resolved "https://registry.yarnpkg.com/@lezer/lr/-/lr-1.4.2.tgz#931ea3dea8e9de84e90781001dae30dea9ff1727"
  integrity sha512-pu0K1jCIdnQ12aWNaAVU5bzi7Bd1w54J3ECgANPmYLtQKP0HBj2cE/5coBD66MT10xbtIuUr7tg0Shbsvk0mDA==
  dependencies:
    "@lezer/common" "^1.0.0"

"@lezer/markdown@^1.0.0":
  version "1.3.1"
  resolved "https://registry.yarnpkg.com/@lezer/markdown/-/markdown-1.3.1.tgz#2193012296927f383102d7a2b035f323759315b3"
  integrity sha512-DGlzU/i8DC8k0uz1F+jeePrkATl0jWakauTzftMQOcbaMkHbNSRki/4E2tOzJWsVpoKYhe7iTJ03aepdwVUXUA==
  dependencies:
    "@lezer/common" "^1.0.0"
    "@lezer/highlight" "^1.0.0"

"@nextjournal/lang-clojure@^1.0.0":
  version "1.0.0"
  resolved "https://registry.yarnpkg.com/@nextjournal/lang-clojure/-/lang-clojure-1.0.0.tgz#0efbd594769e606eea532758519a239f0d38959d"
  integrity sha512-gOCV71XrYD0DhwGoPMWZmZ0r92/lIHsqQu9QWdpZYYBwiChNwMO4sbVMP7eTuAqffFB2BTtCSC+1skSH9d3bNg==
  dependencies:
    "@codemirror/language" "^6.0.0"
    "@nextjournal/lezer-clojure" "1.0.0"

"@nextjournal/lezer-clojure@1.0.0":
  version "1.0.0"
  resolved "https://registry.yarnpkg.com/@nextjournal/lezer-clojure/-/lezer-clojure-1.0.0.tgz#0e7ff75f8d0fabed36d26b9f6b5f00d8a9f385e6"
  integrity sha512-VZyuGu4zw5mkTOwQBTaGVNWmsOZAPw5ZRxu1/Knk/Xfs7EDBIogwIs5UXTYkuECX5ZQB8eOB+wKA2pc7VyqaZQ==
  dependencies:
    "@lezer/lr" "^1.0.0"

argparse@^2.0.1:
  version "2.0.1"
  resolved "https://registry.yarnpkg.com/argparse/-/argparse-2.0.1.tgz#246f50f3ca78a3240f6c997e8a9bd1eac49e4b38"
  integrity sha512-8+9WqebbFzpX9OR+Wa6O29asIogeRMzcGtAINdpMHHyAg10f05aSFVBbcEqGf/PXw1EjAZ+q2/bEBg3DvurK3Q==

commander@^2.19.0:
  version "2.20.3"
  resolved "https://registry.yarnpkg.com/commander/-/commander-2.20.3.tgz#fd485e84c03eb4881c20722ba48035e8531aeb33"
  integrity sha512-GpVkmM8vF2vQUkj2LvZmD35JxeJOLCwJ9cUkugyk2nuhbv3+mJvpLYYt+0+USMxE+oj+ey/lJEnhZw75x/OMcQ==

crelt@^1.0.5:
  version "1.0.6"
  resolved "https://registry.yarnpkg.com/crelt/-/crelt-1.0.6.tgz#7cc898ea74e190fb6ef9dae57f8f81cf7302df72"
  integrity sha512-VQ2MBenTq1fWZUH9DJNGti7kKv6EeAuYr3cLwxUWhIu1baTaXh4Ib5W2CqHVqib4/MqbYGJqiL3Zb8GJZr3l4g==

d3-require@^1.2.4:
  version "1.3.0"
  resolved "https://registry.yarnpkg.com/d3-require/-/d3-require-1.3.0.tgz#2b97f5e2ebcb64ac0c63c11f30056aea1c74f0ec"
  integrity sha512-XaNc2azaAwXhGjmCMtxlD+AowpMfLimVsAoTMpqrvb8CWoA4QqyV12mc4Ue6KSoDvfuS831tsumfhDYxGd4FGA==

emoji-regex@^10.0.0:
  version "10.4.0"
  resolved "https://registry.yarnpkg.com/emoji-regex/-/emoji-regex-10.4.0.tgz#03553afea80b3975749cfcb36f776ca268e413d4"
  integrity sha512-EC+0oUMY1Rqm4O6LLrgjtYDvcVYTy7chDnM4Q7030tP4Kwj3u/pR6gP9ygnp2CJMK5Gq+9Q2oqmrFJAz01DXjw==

entities@~2.1.0:
  version "2.1.0"
  resolved "https://registry.yarnpkg.com/entities/-/entities-2.1.0.tgz#992d3129cf7df6870b96c57858c249a120f8b8b5"
  integrity sha512-hCx1oky9PFrJ611mf0ifBLBRW8lUUVRlFolb5gWRfIELabBlbp9xZvrqZLZAs+NxFnbfQoeGd8wDkygjg7U85w==

framer-motion@^10.12.16:
  version "10.18.0"
  resolved "https://registry.yarnpkg.com/framer-motion/-/framer-motion-10.18.0.tgz#1f4fc51403996ea7170af885bd44a7079d255950"
  integrity sha512-oGlDh1Q1XqYPksuTD/usb0I70hq95OUzmL9+6Zd+Hs4XV0oaISBa/UUMSjYiq6m8EUF32132mOJ8xVZS+I0S6w==
  dependencies:
    tslib "^2.4.0"
  optionalDependencies:
    "@emotion/is-prop-valid" "^0.8.2"

"js-tokens@^3.0.0 || ^4.0.0":
  version "4.0.0"
  resolved "https://registry.yarnpkg.com/js-tokens/-/js-tokens-4.0.0.tgz#19203fb59991df98e3a287050d4647cdeaf32499"
  integrity sha512-RdJUflcE3cUzKiMqQgsCu06FPu9UdIJO0beYbPhHN4k6apgJtifcoCtT9bcxOpYBtpD2kCM6Sbzg4CausW/PKQ==

katex@^0.12.0:
  version "0.12.0"
  resolved "https://registry.yarnpkg.com/katex/-/katex-0.12.0.tgz#2fb1c665dbd2b043edcf8a1f5c555f46beaa0cb9"
  integrity sha512-y+8btoc/CK70XqcHqjxiGWBOeIL8upbS0peTPXTvgrh21n1RiWWcIpSWM+4uXq+IAgNh9YYQWdc7LVDPDAEEAg==
  dependencies:
    commander "^2.19.0"

lezer-clojure@1.0.0-rc.2:
  version "1.0.0-rc.2"
  resolved "https://registry.yarnpkg.com/lezer-clojure/-/lezer-clojure-1.0.0-rc.2.tgz#cec59eafdd150bec9a5524214bc201b4ee117575"
  integrity sha512-IdEwD9cq/PSTD3TBYHosqQQu4sKiBCdAcqucGimR0BwKRMnaPAjSgnj/JJ3ykmCwHf1pRHdVyr23gVaxYx2Tvg==
  dependencies:
    "@lezer/lr" "^1.0.0"

linkify-it@^3.0.1:
  version "3.0.3"
  resolved "https://registry.yarnpkg.com/linkify-it/-/linkify-it-3.0.3.tgz#a98baf44ce45a550efb4d49c769d07524cc2fa2e"
  integrity sha512-ynTsyrFSdE5oZ/O9GEf00kPngmOfVwazR5GKDq6EYfhlpFug3J2zybX56a2PRRpc9P+FuSoGNAwjlbDs9jJBPQ==
  dependencies:
    uc.micro "^1.0.1"

loose-envify@^1.1.0:
  version "1.4.0"
  resolved "https://registry.yarnpkg.com/loose-envify/-/loose-envify-1.4.0.tgz#71ee51fa7be4caec1a63839f7e682d8132d30caf"
  integrity sha512-lyuxPGr/Wfhrlem2CL/UcnUc1zcqKAImBDzukY7Y5F/yQiNdko6+fRLevlw1HgMySw7f611UIY408EtxRSoK3Q==
  dependencies:
    js-tokens "^3.0.0 || ^4.0.0"

markdown-it-block-image@^0.0.3:
  version "0.0.3"
  resolved "https://registry.yarnpkg.com/markdown-it-block-image/-/markdown-it-block-image-0.0.3.tgz#d3fe650ebf2215ea2c7afb577b394e5f7ffc12ca"
  integrity sha512-+esbdLegMSWmIRGwVncj5ZwVi5K1qt894uXfnkZIyMFC7ssbv7aR7YEVI16w0PdFWow1HmBNUZ4chl0vScjoIA==

markdown-it-footnote@^3.0.3:
  version "3.0.3"
  resolved "https://registry.yarnpkg.com/markdown-it-footnote/-/markdown-it-footnote-3.0.3.tgz#e0e4c0d67390a4c5f0c75f73be605c7c190ca4d8"
  integrity sha512-YZMSuCGVZAjzKMn+xqIco9d1cLGxbELHZ9do/TSYVzraooV8ypsppKNmUJ0fVH5ljkCInQAtFpm8Rb3eXSrt5w==

markdown-it-texmath@^1.0.0:
  version "1.0.0"
  resolved "https://registry.yarnpkg.com/markdown-it-texmath/-/markdown-it-texmath-1.0.0.tgz#65703b235d07a8f96bc58cbf9d478af57154e5f0"
  integrity sha512-4hhkiX8/gus+6e53PLCUmUrsa6ZWGgJW2XCW6O0ASvZUiezIK900ZicinTDtG3kAO2kon7oUA/ReWmpW2FByxg==

markdown-it-toc-done-right@^4.2.0:
  version "4.2.0"
  resolved "https://registry.yarnpkg.com/markdown-it-toc-done-right/-/markdown-it-toc-done-right-4.2.0.tgz#3ccdce22d5022ffae7b991d07261b1b1de5459d0"
  integrity sha512-UB/IbzjWazwTlNAX0pvWNlJS8NKsOQ4syrXZQ/C72j+jirrsjVRT627lCaylrKJFBQWfRsPmIVQie8x38DEhAQ==

markdown-it@^12.2.0:
  version "12.3.2"
  resolved "https://registry.yarnpkg.com/markdown-it/-/markdown-it-12.3.2.tgz#bf92ac92283fe983fe4de8ff8abfb5ad72cd0c90"
  integrity sha512-TchMembfxfNVpHkbtriWltGWc+m3xszaRD0CZup7GFFhzIgQqxIfn3eGj1yZpfuflzPvfkt611B2Q/Bsk1YnGg==
  dependencies:
    argparse "^2.0.1"
    entities "~2.1.0"
    linkify-it "^3.0.1"
    mdurl "^1.0.1"
    uc.micro "^1.0.5"

mdurl@^1.0.1:
  version "1.0.1"
  resolved "https://registry.yarnpkg.com/mdurl/-/mdurl-1.0.1.tgz#fe85b2ec75a59037f2adfec100fd6c601761152e"
  integrity sha512-/sKlQJCBYVY9Ers9hqzKou4H6V5UWc/M59TH2dvkt+84itfnq7uFOMLpOiOS4ujvHP4etln18fmIxA5R5fll0g==

punycode@2.1.1:
  version "2.1.1"
  resolved "https://registry.yarnpkg.com/punycode/-/punycode-2.1.1.tgz#b58b010ac40c22c5657616c8d2c2c02c7bf479ec"
  integrity sha512-XRsRjdf+j5ml+y/6GKHPZbrF/8p2Yga0JPtdqTIY2Xe5ohJPD9saDJJLPvp9+NSBprVvevdXZybnj2cv8OEd0A==

react-dom@^18.2.0:
  version "18.3.1"
  resolved "https://registry.yarnpkg.com/react-dom/-/react-dom-18.3.1.tgz#c2265d79511b57d479b3dd3fdfa51536494c5cb4"
  integrity sha512-5m4nQKp+rZRb09LNH59GM4BxTh9251/ylbKIbpe7TpGxfJ+9kv6BLkLBXIjjspbgbnIBNqlI23tRnTWT0snUIw==
  dependencies:
    loose-envify "^1.1.0"
    scheduler "^0.23.2"

react@^18.2.0:
  version "18.3.1"
  resolved "https://registry.yarnpkg.com/react/-/react-18.3.1.tgz#49ab892009c53933625bd16b2533fc754cab2891"
  integrity sha512-wS+hAgJShR0KhEvPJArfuPVN1+Hz1t0Y6n5jLrGQbkb4urgPE/0Rve+1kMB1v/oWgHgm4WIcV+i7F2pTVj+2iQ==
  dependencies:
    loose-envify "^1.1.0"

scheduler@^0.23.2:
  version "0.23.2"
  resolved "https://registry.yarnpkg.com/scheduler/-/scheduler-0.23.2.tgz#414ba64a3b282892e944cf2108ecc078d115cdc3"
  integrity sha512-UOShsPwz7NrMUqhR6t0hWjFduvOzbtv7toDH1/hIrfRNIDBnnBWd0CwJTGvTpngVlmwGCdP9/Zl/tVrDqcuYzQ==
  dependencies:
    loose-envify "^1.1.0"

style-mod@^4.0.0, style-mod@^4.1.0:
  version "4.1.2"
  resolved "https://registry.yarnpkg.com/style-mod/-/style-mod-4.1.2.tgz#ca238a1ad4786520f7515a8539d5a63691d7bf67"
  integrity sha512-wnD1HyVqpJUI2+eKZ+eo1UwghftP6yuFheBqqe+bWCotBjC2K1YnteJILRMs3SM4V/0dLEW1SC27MWP5y+mwmw==

tslib@^2.4.0:
  version "2.7.0"
  resolved "https://registry.yarnpkg.com/tslib/-/tslib-2.7.0.tgz#d9b40c5c40ab59e8738f297df3087bf1a2690c01"
  integrity sha512-gLXCKdN1/j47AiHiOkJN69hJmcbGTHI0ImLmbYLHykhgeN0jVGola9yVjFgzCUklsZQMW55o+dW7IXv3RCXDzA==

uc.micro@^1.0.1, uc.micro@^1.0.5:
  version "1.0.6"
  resolved "https://registry.yarnpkg.com/uc.micro/-/uc.micro-1.0.6.tgz#9c411a802a409a91fc6cf74081baba34b24499ac"
  integrity sha512-8Y75pvTYkLJW2hWQHXxoqRgV7qb9B+9vFEtidML+7koHUFapnVJAZ6cKs+Qjz5Aw3aZWHMC6u0wJE3At+nSGwA==

use-sync-external-store@^1.2.0:
  version "1.2.2"
  resolved "https://registry.yarnpkg.com/use-sync-external-store/-/use-sync-external-store-1.2.2.tgz#c3b6390f3a30eba13200d2302dcdf1e7b57b2ef9"
  integrity sha512-PElTlVMwpblvbNqQ82d2n6RjStvdSoNe9FG28kNfz3WiXilJm4DdNkEzRhCZuIDwY8U08WVihhGR5iRqAwfDiw==

vh-sticky-table-header@^1.2.1:
  version "1.8.1"
  resolved "https://registry.yarnpkg.com/vh-sticky-table-header/-/vh-sticky-table-header-1.8.1.tgz#3c84e8bedcaa01e5c66095f2154581e54b0e7868"
  integrity sha512-y3zvDSJrOakW86cJtix00NKH/HRnWl1gly3tR+Xh5duX/3Jld5bPUKrcXD94YuOWEI9FGglgJ9Idn8fHZiR/hg==

w3c-keyname@2.2.4:
  version "2.2.4"
  resolved "https://registry.yarnpkg.com/w3c-keyname/-/w3c-keyname-2.2.4.tgz#4ade6916f6290224cdbd1db8ac49eab03d0eef6b"
  integrity sha512-tOhfEwEzFLJzf6d1ZPkYfGj+FWhIpBux9ppoP3rlclw3Z0BZv3N7b7030Z1kYth+6rDuAsXUFr+d0VE6Ed1ikw==

w3c-keyname@^2.2.4:
  version "2.2.8"
  resolved "https://registry.yarnpkg.com/w3c-keyname/-/w3c-keyname-2.2.8.tgz#7b17c8c6883d4e8b86ac8aba79d39e880f8869c5"
  integrity sha512-dpojBhNsCNN7T82Tm7k26A6G9ML3NkhDsnw9n/eoxSRlVBB4CEtIQ/KTCLI2Fwf3ataSXRhYFkQi3SlnFwPvPQ==
