# THIS IS AN AUTOGENERATED FILE. DO NOT EDIT THIS FILE DIRECTLY.
# yarn lockfile v1


import-meta-resolve@^2.1.0:
  version "2.1.0"
  resolved "https://registry.yarnpkg.com/import-meta-resolve/-/import-meta-resolve-2.1.0.tgz#c8952d331ed6e9bb6ad524a7549deb3d34af41ce"
  integrity sha512-yG9pxkWJVTy4cmRsNWE3ztFdtFuYIV8G4N+cbCkO8b+qngkLyIUhxQFuZ0qJm67+0nUOxjMPT7nfksPKza1v2g==

nbb@^1.1.147:
  version "1.2.160"
  resolved "https://registry.yarnpkg.com/nbb/-/nbb-1.2.160.tgz#608513b72aa407b496b940212ddfce904d983d7b"
  integrity sha512-lguORvvjWtCM4c29a4gV6gUZdICfB9PIhjLv23FxZt0aKn3M/teV2oaKZDuAQceQl+kg98D2V3de8dttt7abBw==
  dependencies:
    import-meta-resolve "^2.1.0"

playwright-core@1.22.1:
  version "1.22.1"
  resolved "https://registry.yarnpkg.com/playwright-core/-/playwright-core-1.22.1.tgz#59ddf903546171fdfd9c3dc189630c883619667c"
  integrity sha512-H+ZUVYnceWNXrRf3oxTEKAr81QzFsCKu5Fp//fEjQvqgKkfA1iX3E9DBrPJpPNOrgVzcE+IqeI0fDmYJe6Ynnw==

playwright@^1.19.1:
  version "1.22.1"
  resolved "https://registry.yarnpkg.com/playwright/-/playwright-1.22.1.tgz#a41bf55065953a6b31c151433e0f00c9e23c54dd"
  integrity sha512-pn4dvphQdL3zTgI+xfqkTL3HK1xbtQz+zjJxzyhwKLDxMNuAH7/NCm75auWbYLyssdnvApznujwrQuJvqXTKUw==
  dependencies:
    playwright-core "1.22.1"
